{
    "_readme": [
        "This file locks the dependencies of your project to a known state",
        "Read more about it at https://getcomposer.org/doc/01-basic-usage.md#composer-lock-the-lock-file",
        "This file is @generated automatically"
    ],
    "hash": "b77a7e46b4f07836305dae122b3e3a83",
    "packages": [
        {
            "name": "kminh/bwp-framework",
            "version": "dev-master",
            "source": {
                "type": "git",
                "url": "https://github.com/kminh/bwp-framework",
                "reference": "40e3767a58bd50b3e03820d18a246f984b439414"
            },
            "require": {
                "php": "^5.2.0"
            },
            "require-dev": {
                "doctrine/common": "^2.5",
                "fabpot/goutte": "~1.0",
                "guzzle/http": "dev-master as 3.9.2",
                "guzzle/plugin-cache": "^3.9",
                "guzzle/plugin-cookie": "^3.9",
                "mockery/mockery": "^0.9.4",
                "phpunit/phpunit": "^4.8"
            },
            "bin": [
                "bin/install-wp-tests.sh"
            ],
            "type": "library",
            "extra": {
                "branch-alias": {
                    "dev-master": "3.0.x-dev"
                }
            },
            "autoload": {
                "classmap": [
                    "src/"
                ]
            },
            "license": [
                "GPLv3"
            ],
            "authors": [
                {
                    "name": "Khang Minh",
                    "email": "contact@betterwp.net"
                }
            ],
            "description": "Base codes for BWP WordPress Plugins",
            "homepage": "http://betterwp.net",
            "time": "2015-10-09 16:27:17"
        }
    ],
    "packages-dev": [],
    "aliases": [],
    "minimum-stability": "stable",
    "stability-flags": {
        "kminh/bwp-framework": 20
    },
    "prefer-stable": false,
    "prefer-lowest": false,
    "platform": [],
    "platform-dev": []
}
